{
  "name": "skinet",
  "lockfileVersion": 3,
  "requires": true,
  "packages": {
    "": {
      "dependencies": {
        "@stripe/stripe-js": "^1.48.0"
      }
    },
    "node_modules/@stripe/stripe-js": {
      "version": "1.48.0",
      "resolved": "https://registry.npmjs.org/@stripe/stripe-js/-/stripe-js-1.48.0.tgz",
      "integrity": "sha512-Kw2BRXk6z/wnTU9m2IJOhxJNrx9xzmpFSbk6D/Z0x6LJntMafiHeHFag2PvSF30O2quMb1UUdWsnZqGVDruZww=="
    }
  }
}
